
Microsoft Visual Studio Solution File, Format Version 12.00
# Visual Studio 15
VisualStudioVersion = 15.0.28307.852
MinimumVisualStudioVersion = 10.0.40219.1
Project("{FAE04EC0-301F-11D3-BF4B-00C04F79EFBC}") = "Calculadora", "Calculadora\Calculadora.csproj", "{0D290159-99E8-4D21-9236-A3570853B92E}"
EndProject
Global
	GlobalSection(SolutionConfigurationPlatforms) = preSolution
		Debug|Any CPU = Debug|Any CPU
		Release|Any CPU = Release|Any CPU
	EndGlobalSection
	GlobalSection(ProjectConfigurationPlatforms) = postSolution
		{0D290159-99E8-4D21-9236-A3570853B92E}.Debug|Any CPU.ActiveCfg = Debug|Any CPU
		{0D290159-99E8-4D21-9236-A3570853B92E}.Debug|Any CPU.Build.0 = Debug|Any CPU
		{0D290159-99E8-4D21-9236-A3570853B92E}.Release|Any CPU.ActiveCfg = Release|Any CPU
		{0D290159-99E8-4D21-9236-A3570853B92E}.Release|Any CPU.Build.0 = Release|Any CPU
	EndGlobalSection
	GlobalSection(SolutionProperties) = preSolution
		HideSolutionNode = FALSE
	EndGlobalSection
	GlobalSection(ExtensibilityGlobals) = postSolution
		SolutionGuid = {D9822A60-BAB1-48BC-A4DD-9BBB6677BFEE}
	EndGlobalSection
EndGlobal
